// !$*UTF8*$!
{
	archiveVersion = 1;
	classes = {
	};
	objectVersion = 46;
	objects = {

/* Begin PBXBuildFile section */
		413D8118186CF71A00416913 /* adelante.png in Resources */ = {isa = PBXBuildFile; fileRef = 413D80F4186CF71A00416913 /* adelante.png */; };
		413D8119186CF71A00416913 /* atras.png in Resources */ = {isa = PBXBuildFile; fileRef = 413D80F5186CF71A00416913 /* atras.png */; };
		413D811A186CF71A00416913 /* back.png in Resources */ = {isa = PBXBuildFile; fileRef = 413D80F6186CF71A00416913 /* back.png */; };
		413D811B186CF71A00416913 /* backTop.png in Resources */ = {isa = PBXBuildFile; fileRef = 413D80F7186CF71A00416913 /* backTop.png */; };
		413D811D186CF71A00416913 /* Default-568h@2x.png in Resources */ = {isa = PBXBuildFile; fileRef = 413D80F9186CF71A00416913 /* Default-568h@2x.png */; };
		413D811E186CF71A00416913 /* Default.png in Resources */ = {isa = PBXBuildFile; fileRef = 413D80FA186CF71A00416913 /* Default.png */; };
		413D811F186CF71A00416913 /* Default@2x.png in Resources */ = {isa = PBXBuildFile; fileRef = 413D80FB186CF71A00416913 /* Default@2x.png */; };
		413D8120186CF71A00416913 /* descargar.png in Resources */ = {isa = PBXBuildFile; fileRef = 413D80FC186CF71A00416913 /* descargar.png */; };
		413D8123186CF71A00416913 /* icon.png in Resources */ = {isa = PBXBuildFile; fileRef = 413D80FF186CF71A00416913 /* icon.png */; };
		413D8124186CF71A00416913 /* icon@2x.png in Resources */ = {isa = PBXBuildFile; fileRef = 413D8100186CF71A00416913 /* icon@2x.png */; };
		413D8126186CF71A00416913 /* LaunchImage-2-568h@2x.png in Resources */ = {isa = PBXBuildFile; fileRef = 413D8102186CF71A00416913 /* LaunchImage-2-568h@2x.png */; };
		413D8127186CF71A00416913 /* LaunchImage-2-700-568h@2x.png in Resources */ = {isa = PBXBuildFile; fileRef = 413D8103186CF71A00416913 /* LaunchImage-2-700-568h@2x.png */; };
		413D8128186CF71A00416913 /* LaunchImage-2-700@2x.png in Resources */ = {isa = PBXBuildFile; fileRef = 413D8104186CF71A00416913 /* LaunchImage-2-700@2x.png */; };
		413D8129186CF71A00416913 /* LaunchImage-2.png in Resources */ = {isa = PBXBuildFile; fileRef = 413D8105186CF71A00416913 /* LaunchImage-2.png */; };
		413D812A186CF71A00416913 /* LaunchImage-2@2x.png in Resources */ = {isa = PBXBuildFile; fileRef = 413D8106186CF71A00416913 /* LaunchImage-2@2x.png */; };
		413D812B186CF71A00416913 /* LaunchImage-568h@2x.png in Resources */ = {isa = PBXBuildFile; fileRef = 413D8107186CF71A00416913 /* LaunchImage-568h@2x.png */; };
		413D812C186CF71A00416913 /* LaunchImage-700-568h@2x.png in Resources */ = {isa = PBXBuildFile; fileRef = 413D8108186CF71A00416913 /* LaunchImage-700-568h@2x.png */; };
		413D812D186CF71A00416913 /* loading2.png in Resources */ = {isa = PBXBuildFile; fileRef = 413D8109186CF71A00416913 /* loading2.png */; };
		413D812E186CF71A00416913 /* loadingRed.png in Resources */ = {isa = PBXBuildFile; fileRef = 413D810A186CF71A00416913 /* loadingRed.png */; };
		413D812F186CF71A00416913 /* loadingWV.png in Resources */ = {isa = PBXBuildFile; fileRef = 413D810B186CF71A00416913 /* loadingWV.png */; };
		413D8130186CF71A00416913 /* loadingWVAnimated.png in Resources */ = {isa = PBXBuildFile; fileRef = 413D810C186CF71A00416913 /* loadingWVAnimated.png */; };
		413D8131186CF71A00416913 /* login.png in Resources */ = {isa = PBXBuildFile; fileRef = 413D810D186CF71A00416913 /* login.png */; };
		413D8132186CF71A00416913 /* menuButton@2x.png in Resources */ = {isa = PBXBuildFile; fileRef = 413D810E186CF71A00416913 /* menuButton@2x.png */; };
		413D8134186CF71A00416913 /* navbar@2x.png in Resources */ = {isa = PBXBuildFile; fileRef = 413D8110186CF71A00416913 /* navbar@2x.png */; };
		413D8135186CF71A00416913 /* Quicksand_Bold.otf in Resources */ = {isa = PBXBuildFile; fileRef = 413D8111186CF71A00416913 /* Quicksand_Bold.otf */; };
		413D8136186CF71A00416913 /* Quicksand_Book.otf in Resources */ = {isa = PBXBuildFile; fileRef = 413D8112186CF71A00416913 /* Quicksand_Book.otf */; };
		413D8137186CF71A00416913 /* Quicksand_Light.otf in Resources */ = {isa = PBXBuildFile; fileRef = 413D8113186CF71A00416913 /* Quicksand_Light.otf */; };
		413D813A186CF71A00416913 /* saveFail.png in Resources */ = {isa = PBXBuildFile; fileRef = 413D8116186CF71A00416913 /* saveFail.png */; };
		413D813B186CF71A00416913 /* saveOk.png in Resources */ = {isa = PBXBuildFile; fileRef = 413D8117186CF71A00416913 /* saveOk.png */; };
		413D813D186CFAAC00416913 /* fondoAzul.png in Resources */ = {isa = PBXBuildFile; fileRef = 413D813C186CFAAC00416913 /* fondoAzul.png */; };
		414792DC186CF0CF0096EA08 /* ModelUPM.m in Sources */ = {isa = PBXBuildFile; fileRef = 414792DB186CF0CF0096EA08 /* ModelUPM.m */; };
		45313F63186232F9007EB2C9 /* Foundation.framework in Frameworks */ = {isa = PBXBuildFile; fileRef = 45313F62186232F9007EB2C9 /* Foundation.framework */; };
		45313F65186232F9007EB2C9 /* CoreGraphics.framework in Frameworks */ = {isa = PBXBuildFile; fileRef = 45313F64186232F9007EB2C9 /* CoreGraphics.framework */; };
		45313F67186232F9007EB2C9 /* UIKit.framework in Frameworks */ = {isa = PBXBuildFile; fileRef = 45313F66186232F9007EB2C9 /* UIKit.framework */; };
		45313F6D186232F9007EB2C9 /* InfoPlist.strings in Resources */ = {isa = PBXBuildFile; fileRef = 45313F6B186232F9007EB2C9 /* InfoPlist.strings */; };
		45313F6F186232F9007EB2C9 /* main.m in Sources */ = {isa = PBXBuildFile; fileRef = 45313F6E186232F9007EB2C9 /* main.m */; };
		45313F7C186232F9007EB2C9 /* XCTest.framework in Frameworks */ = {isa = PBXBuildFile; fileRef = 45313F7B186232F9007EB2C9 /* XCTest.framework */; };
		45313F7D186232F9007EB2C9 /* Foundation.framework in Frameworks */ = {isa = PBXBuildFile; fileRef = 45313F62186232F9007EB2C9 /* Foundation.framework */; };
		45313F7E186232F9007EB2C9 /* UIKit.framework in Frameworks */ = {isa = PBXBuildFile; fileRef = 45313F66186232F9007EB2C9 /* UIKit.framework */; };
		45313F86186232F9007EB2C9 /* InfoPlist.strings in Resources */ = {isa = PBXBuildFile; fileRef = 45313F84186232F9007EB2C9 /* InfoPlist.strings */; };
		45313F88186232F9007EB2C9 /* notasUPMTests.m in Sources */ = {isa = PBXBuildFile; fileRef = 45313F87186232F9007EB2C9 /* notasUPMTests.m */; };
		45313FB3186233C5007EB2C9 /* AlmacenamientoLocal.m in Sources */ = {isa = PBXBuildFile; fileRef = 45313F92186233C5007EB2C9 /* AlmacenamientoLocal.m */; };
		45313FB4186233C5007EB2C9 /* AppDelegate.m in Sources */ = {isa = PBXBuildFile; fileRef = 45313F94186233C5007EB2C9 /* AppDelegate.m */; };
		45313FB5186233C5007EB2C9 /* ContactoViewController.m in Sources */ = {isa = PBXBuildFile; fileRef = 45313F96186233C5007EB2C9 /* ContactoViewController.m */; };
		45313FB6186233C5007EB2C9 /* Descargador.m in Sources */ = {isa = PBXBuildFile; fileRef = 45313F98186233C5007EB2C9 /* Descargador.m */; };
		45313FB7186233C5007EB2C9 /* ECSlidingViewController.m in Sources */ = {isa = PBXBuildFile; fileRef = 45313F9A186233C5007EB2C9 /* ECSlidingViewController.m */; };
		45313FB8186233C5007EB2C9 /* ExpedienteViewController.m in Sources */ = {isa = PBXBuildFile; fileRef = 45313F9C186233C5007EB2C9 /* ExpedienteViewController.m */; };
		45313FB9186233C5007EB2C9 /* InitViewController.m in Sources */ = {isa = PBXBuildFile; fileRef = 45313F9E186233C5007EB2C9 /* InitViewController.m */; };
		45313FBA186233C5007EB2C9 /* MenuViewController.m in Sources */ = {isa = PBXBuildFile; fileRef = 45313FA0186233C5007EB2C9 /* MenuViewController.m */; };
		45313FBC186233C5007EB2C9 /* MoodleAsignaturaViewController.m in Sources */ = {isa = PBXBuildFile; fileRef = 45313FA4186233C5007EB2C9 /* MoodleAsignaturaViewController.m */; };
		45313FBD186233C5007EB2C9 /* MoodleCalificacionesViewController.m in Sources */ = {isa = PBXBuildFile; fileRef = 45313FA6186233C5007EB2C9 /* MoodleCalificacionesViewController.m */; };
		45313FBE186233C5007EB2C9 /* MoodleOtrasCalificacionesViewController.m in Sources */ = {isa = PBXBuildFile; fileRef = 45313FA8186233C5007EB2C9 /* MoodleOtrasCalificacionesViewController.m */; };
		45313FBF186233C5007EB2C9 /* MoodleViewController.m in Sources */ = {isa = PBXBuildFile; fileRef = 45313FAA186233C5007EB2C9 /* MoodleViewController.m */; };
		45313FC0186233C5007EB2C9 /* MoodleWebViewViewController.m in Sources */ = {isa = PBXBuildFile; fileRef = 45313FAC186233C5007EB2C9 /* MoodleWebViewViewController.m */; };
		45313FC1186233C5007EB2C9 /* UIImage+ImageWithUIView.m in Sources */ = {isa = PBXBuildFile; fileRef = 45313FAE186233C5007EB2C9 /* UIImage+ImageWithUIView.m */; };
		45313FC2186233C5007EB2C9 /* ViewController.m in Sources */ = {isa = PBXBuildFile; fileRef = 45313FB0186233C5007EB2C9 /* ViewController.m */; };
		45313FC3186233C5007EB2C9 /* VisorWeb.m in Sources */ = {isa = PBXBuildFile; fileRef = 45313FB2186233C5007EB2C9 /* VisorWeb.m */; };
		45313FC718623403007EB2C9 /* QuartzCore.framework in Frameworks */ = {isa = PBXBuildFile; fileRef = 45313FC618623403007EB2C9 /* QuartzCore.framework */; };
		4533D3E5186EE97F003E56CC /* fondoAzul2.png in Resources */ = {isa = PBXBuildFile; fileRef = 4533D3E4186EE97F003E56CC /* fondoAzul2.png */; };
		4533D3EA186EEC83003E56CC /* contacto.png in Resources */ = {isa = PBXBuildFile; fileRef = 4533D3E6186EEC83003E56CC /* contacto.png */; };
		4533D3EB186EEC83003E56CC /* expediente.png in Resources */ = {isa = PBXBuildFile; fileRef = 4533D3E7186EEC83003E56CC /* expediente.png */; };
		4533D3EC186EEC83003E56CC /* moodle.png in Resources */ = {isa = PBXBuildFile; fileRef = 4533D3E8186EEC83003E56CC /* moodle.png */; };
		4533D3ED186EEC83003E56CC /* resumen.png in Resources */ = {isa = PBXBuildFile; fileRef = 4533D3E9186EEC83003E56CC /* resumen.png */; };
/* End PBXBuildFile section */

/* Begin PBXContainerItemProxy section */
		45313F7F186232F9007EB2C9 /* PBXContainerItemProxy */ = {
			isa = PBXContainerItemProxy;
			containerPortal = 45313F57186232F9007EB2C9 /* Project object */;
			proxyType = 1;
			remoteGlobalIDString = 45313F5E186232F9007EB2C9;
			remoteInfo = notasUPM;
		};
/* End PBXContainerItemProxy section */

/* Begin PBXFileReference section */
		413D80F4186CF71A00416913 /* adelante.png */ = {isa = PBXFileReference; lastKnownFileType = image.png; path = adelante.png; sourceTree = "<group>"; };
		413D80F5186CF71A00416913 /* atras.png */ = {isa = PBXFileReference; lastKnownFileType = image.png; path = atras.png; sourceTree = "<group>"; };
		413D80F6186CF71A00416913 /* back.png */ = {isa = PBXFileReference; lastKnownFileType = image.png; path = back.png; sourceTree = "<group>"; };
		413D80F7186CF71A00416913 /* backTop.png */ = {isa = PBXFileReference; lastKnownFileType = image.png; path = backTop.png; sourceTree = "<group>"; };
		413D80F9186CF71A00416913 /* Default-568h@2x.png */ = {isa = PBXFileReference; lastKnownFileType = image.png; path = "Default-568h@2x.png"; sourceTree = "<group>"; };
		413D80FA186CF71A00416913 /* Default.png */ = {isa = PBXFileReference; lastKnownFileType = image.png; path = Default.png; sourceTree = "<group>"; };
		413D80FB186CF71A00416913 /* Default@2x.png */ = {isa = PBXFileReference; lastKnownFileType = image.png; path = "Default@2x.png"; sourceTree = "<group>"; };
		413D80FC186CF71A00416913 /* descargar.png */ = {isa = PBXFileReference; lastKnownFileType = image.png; path = descargar.png; sourceTree = "<group>"; };
		413D80FF186CF71A00416913 /* icon.png */ = {isa = PBXFileReference; lastKnownFileType = image.png; path = icon.png; sourceTree = "<group>"; };
		413D8100186CF71A00416913 /* icon@2x.png */ = {isa = PBXFileReference; lastKnownFileType = image.png; path = "icon@2x.png"; sourceTree = "<group>"; };
		413D8102186CF71A00416913 /* LaunchImage-2-568h@2x.png */ = {isa = PBXFileReference; lastKnownFileType = image.png; path = "LaunchImage-2-568h@2x.png"; sourceTree = "<group>"; };
		413D8103186CF71A00416913 /* LaunchImage-2-700-568h@2x.png */ = {isa = PBXFileReference; lastKnownFileType = image.png; path = "LaunchImage-2-700-568h@2x.png"; sourceTree = "<group>"; };
		413D8104186CF71A00416913 /* LaunchImage-2-700@2x.png */ = {isa = PBXFileReference; lastKnownFileType = image.png; path = "LaunchImage-2-700@2x.png"; sourceTree = "<group>"; };
		413D8105186CF71A00416913 /* LaunchImage-2.png */ = {isa = PBXFileReference; lastKnownFileType = image.png; path = "LaunchImage-2.png"; sourceTree = "<group>"; };
		413D8106186CF71A00416913 /* LaunchImage-2@2x.png */ = {isa = PBXFileReference; lastKnownFileType = image.png; path = "LaunchImage-2@2x.png"; sourceTree = "<group>"; };
		413D8107186CF71A00416913 /* LaunchImage-568h@2x.png */ = {isa = PBXFileReference; lastKnownFileType = image.png; path = "LaunchImage-568h@2x.png"; sourceTree = "<group>"; };
		413D8108186CF71A00416913 /* LaunchImage-700-568h@2x.png */ = {isa = PBXFileReference; lastKnownFileType = image.png; path = "LaunchImage-700-568h@2x.png"; sourceTree = "<group>"; };
		413D8109186CF71A00416913 /* loading2.png */ = {isa = PBXFileReference; lastKnownFileType = image.png; path = loading2.png; sourceTree = "<group>"; };
		413D810A186CF71A00416913 /* loadingRed.png */ = {isa = PBXFileReference; lastKnownFileType = image.png; path = loadingRed.png; sourceTree = "<group>"; };
		413D810B186CF71A00416913 /* loadingWV.png */ = {isa = PBXFileReference; lastKnownFileType = image.png; path = loadingWV.png; sourceTree = "<group>"; };
		413D810C186CF71A00416913 /* loadingWVAnimated.png */ = {isa = PBXFileReference; lastKnownFileType = image.png; path = loadingWVAnimated.png; sourceTree = "<group>"; };
		413D810D186CF71A00416913 /* login.png */ = {isa = PBXFileReference; lastKnownFileType = image.png; path = login.png; sourceTree = "<group>"; };
		413D810E186CF71A00416913 /* menuButton@2x.png */ = {isa = PBXFileReference; lastKnownFileType = image.png; path = "menuButton@2x.png"; sourceTree = "<group>"; };
		413D8110186CF71A00416913 /* navbar@2x.png */ = {isa = PBXFileReference; lastKnownFileType = image.png; path = "navbar@2x.png"; sourceTree = "<group>"; };
		413D8111186CF71A00416913 /* Quicksand_Bold.otf */ = {isa = PBXFileReference; lastKnownFileType = file; path = Quicksand_Bold.otf; sourceTree = "<group>"; };
		413D8112186CF71A00416913 /* Quicksand_Book.otf */ = {isa = PBXFileReference; lastKnownFileType = file; path = Quicksand_Book.otf; sourceTree = "<group>"; };
		413D8113186CF71A00416913 /* Quicksand_Light.otf */ = {isa = PBXFileReference; lastKnownFileType = file; path = Quicksand_Light.otf; sourceTree = "<group>"; };
		413D8116186CF71A00416913 /* saveFail.png */ = {isa = PBXFileReference; lastKnownFileType = image.png; path = saveFail.png; sourceTree = "<group>"; };
		413D8117186CF71A00416913 /* saveOk.png */ = {isa = PBXFileReference; lastKnownFileType = image.png; path = saveOk.png; sourceTree = "<group>"; };
		413D813C186CFAAC00416913 /* fondoAzul.png */ = {isa = PBXFileReference; lastKnownFileType = image.png; path = fondoAzul.png; sourceTree = "<group>"; };
		414792DB186CF0CF0096EA08 /* ModelUPM.m */ = {isa = PBXFileReference; fileEncoding = 4; lastKnownFileType = sourcecode.c.objc; path = ModelUPM.m; sourceTree = "<group>"; };
		45313F5F186232F9007EB2C9 /* notasUPM.app */ = {isa = PBXFileReference; explicitFileType = wrapper.application; includeInIndex = 0; path = notasUPM.app; sourceTree = BUILT_PRODUCTS_DIR; };
		45313F62186232F9007EB2C9 /* Foundation.framework */ = {isa = PBXFileReference; lastKnownFileType = wrapper.framework; name = Foundation.framework; path = System/Library/Frameworks/Foundation.framework; sourceTree = SDKROOT; };
		45313F64186232F9007EB2C9 /* CoreGraphics.framework */ = {isa = PBXFileReference; lastKnownFileType = wrapper.framework; name = CoreGraphics.framework; path = System/Library/Frameworks/CoreGraphics.framework; sourceTree = SDKROOT; };
		45313F66186232F9007EB2C9 /* UIKit.framework */ = {isa = PBXFileReference; lastKnownFileType = wrapper.framework; name = UIKit.framework; path = System/Library/Frameworks/UIKit.framework; sourceTree = SDKROOT; };
		45313F6C186232F9007EB2C9 /* en */ = {isa = PBXFileReference; lastKnownFileType = text.plist.strings; name = en; path = en.lproj/InfoPlist.strings; sourceTree = "<group>"; };
		45313F6E186232F9007EB2C9 /* main.m */ = {isa = PBXFileReference; lastKnownFileType = sourcecode.c.objc; path = main.m; sourceTree = "<group>"; };
		45313F70186232F9007EB2C9 /* notasUPM-Prefix.pch */ = {isa = PBXFileReference; lastKnownFileType = sourcecode.c.h; path = "notasUPM-Prefix.pch"; sourceTree = "<group>"; };
		45313F7A186232F9007EB2C9 /* notasUPMTests.xctest */ = {isa = PBXFileReference; explicitFileType = wrapper.cfbundle; includeInIndex = 0; path = notasUPMTests.xctest; sourceTree = BUILT_PRODUCTS_DIR; };
		45313F7B186232F9007EB2C9 /* XCTest.framework */ = {isa = PBXFileReference; lastKnownFileType = wrapper.framework; name = XCTest.framework; path = Library/Frameworks/XCTest.framework; sourceTree = DEVELOPER_DIR; };
		45313F83186232F9007EB2C9 /* notasUPMTests-Info.plist */ = {isa = PBXFileReference; lastKnownFileType = text.plist.xml; path = "notasUPMTests-Info.plist"; sourceTree = "<group>"; };
		45313F85186232F9007EB2C9 /* en */ = {isa = PBXFileReference; lastKnownFileType = text.plist.strings; name = en; path = en.lproj/InfoPlist.strings; sourceTree = "<group>"; };
		45313F87186232F9007EB2C9 /* notasUPMTests.m */ = {isa = PBXFileReference; lastKnownFileType = sourcecode.c.objc; path = notasUPMTests.m; sourceTree = "<group>"; };
		45313F91186233C5007EB2C9 /* AlmacenamientoLocal.h */ = {isa = PBXFileReference; fileEncoding = 4; lastKnownFileType = sourcecode.c.h; path = AlmacenamientoLocal.h; sourceTree = "<group>"; };
		45313F92186233C5007EB2C9 /* AlmacenamientoLocal.m */ = {isa = PBXFileReference; fileEncoding = 4; lastKnownFileType = sourcecode.c.objc; path = AlmacenamientoLocal.m; sourceTree = "<group>"; };
		45313F93186233C5007EB2C9 /* AppDelegate.h */ = {isa = PBXFileReference; fileEncoding = 4; lastKnownFileType = sourcecode.c.h; path = AppDelegate.h; sourceTree = "<group>"; };
		45313F94186233C5007EB2C9 /* AppDelegate.m */ = {isa = PBXFileReference; fileEncoding = 4; lastKnownFileType = sourcecode.c.objc; path = AppDelegate.m; sourceTree = "<group>"; };
		45313F95186233C5007EB2C9 /* ContactoViewController.h */ = {isa = PBXFileReference; fileEncoding = 4; lastKnownFileType = sourcecode.c.h; path = ContactoViewController.h; sourceTree = "<group>"; };
		45313F96186233C5007EB2C9 /* ContactoViewController.m */ = {isa = PBXFileReference; fileEncoding = 4; lastKnownFileType = sourcecode.c.objc; path = ContactoViewController.m; sourceTree = "<group>"; };
		45313F97186233C5007EB2C9 /* Descargador.h */ = {isa = PBXFileReference; fileEncoding = 4; lastKnownFileType = sourcecode.c.h; path = Descargador.h; sourceTree = "<group>"; };
		45313F98186233C5007EB2C9 /* Descargador.m */ = {isa = PBXFileReference; fileEncoding = 4; lastKnownFileType = sourcecode.c.objc; path = Descargador.m; sourceTree = "<group>"; };
		45313F99186233C5007EB2C9 /* ECSlidingViewController.h */ = {isa = PBXFileReference; fileEncoding = 4; lastKnownFileType = sourcecode.c.h; path = ECSlidingViewController.h; sourceTree = "<group>"; };
		45313F9A186233C5007EB2C9 /* ECSlidingViewController.m */ = {isa = PBXFileReference; fileEncoding = 4; lastKnownFileType = sourcecode.c.objc; path = ECSlidingViewController.m; sourceTree = "<group>"; };
		45313F9B186233C5007EB2C9 /* ExpedienteViewController.h */ = {isa = PBXFileReference; fileEncoding = 4; lastKnownFileType = sourcecode.c.h; path = ExpedienteViewController.h; sourceTree = "<group>"; };
		45313F9C186233C5007EB2C9 /* ExpedienteViewController.m */ = {isa = PBXFileReference; fileEncoding = 4; lastKnownFileType = sourcecode.c.objc; path = ExpedienteViewController.m; sourceTree = "<group>"; };
		45313F9D186233C5007EB2C9 /* InitViewController.h */ = {isa = PBXFileReference; fileEncoding = 4; lastKnownFileType = sourcecode.c.h; path = InitViewController.h; sourceTree = "<group>"; };
		45313F9E186233C5007EB2C9 /* InitViewController.m */ = {isa = PBXFileReference; fileEncoding = 4; lastKnownFileType = sourcecode.c.objc; path = InitViewController.m; sourceTree = "<group>"; };
		45313F9F186233C5007EB2C9 /* MenuViewController.h */ = {isa = PBXFileReference; fileEncoding = 4; lastKnownFileType = sourcecode.c.h; path = MenuViewController.h; sourceTree = "<group>"; };
		45313FA0186233C5007EB2C9 /* MenuViewController.m */ = {isa = PBXFileReference; fileEncoding = 4; lastKnownFileType = sourcecode.c.objc; path = MenuViewController.m; sourceTree = "<group>"; };
		45313FA1186233C5007EB2C9 /* ModelUPM.h */ = {isa = PBXFileReference; fileEncoding = 4; lastKnownFileType = sourcecode.c.h; path = ModelUPM.h; sourceTree = "<group>"; };
		45313FA3186233C5007EB2C9 /* MoodleAsignaturaViewController.h */ = {isa = PBXFileReference; fileEncoding = 4; lastKnownFileType = sourcecode.c.h; path = MoodleAsignaturaViewController.h; sourceTree = "<group>"; };
		45313FA4186233C5007EB2C9 /* MoodleAsignaturaViewController.m */ = {isa = PBXFileReference; fileEncoding = 4; lastKnownFileType = sourcecode.c.objc; path = MoodleAsignaturaViewController.m; sourceTree = "<group>"; };
		45313FA5186233C5007EB2C9 /* MoodleCalificacionesViewController.h */ = {isa = PBXFileReference; fileEncoding = 4; lastKnownFileType = sourcecode.c.h; path = MoodleCalificacionesViewController.h; sourceTree = "<group>"; };
		45313FA6186233C5007EB2C9 /* MoodleCalificacionesViewController.m */ = {isa = PBXFileReference; fileEncoding = 4; lastKnownFileType = sourcecode.c.objc; path = MoodleCalificacionesViewController.m; sourceTree = "<group>"; };
		45313FA7186233C5007EB2C9 /* MoodleOtrasCalificacionesViewController.h */ = {isa = PBXFileReference; fileEncoding = 4; lastKnownFileType = sourcecode.c.h; path = MoodleOtrasCalificacionesViewController.h; sourceTree = "<group>"; };
		45313FA8186233C5007EB2C9 /* MoodleOtrasCalificacionesViewController.m */ = {isa = PBXFileReference; fileEncoding = 4; lastKnownFileType = sourcecode.c.objc; path = MoodleOtrasCalificacionesViewController.m; sourceTree = "<group>"; };
		45313FA9186233C5007EB2C9 /* MoodleViewController.h */ = {isa = PBXFileReference; fileEncoding = 4; lastKnownFileType = sourcecode.c.h; path = MoodleViewController.h; sourceTree = "<group>"; };
		45313FAA186233C5007EB2C9 /* MoodleViewController.m */ = {isa = PBXFileReference; fileEncoding = 4; lastKnownFileType = sourcecode.c.objc; path = MoodleViewController.m; sourceTree = "<group>"; };
		45313FAB186233C5007EB2C9 /* MoodleWebViewViewController.h */ = {isa = PBXFileReference; fileEncoding = 4; lastKnownFileType = sourcecode.c.h; path = MoodleWebViewViewController.h; sourceTree = "<group>"; };
		45313FAC186233C5007EB2C9 /* MoodleWebViewViewController.m */ = {isa = PBXFileReference; fileEncoding = 4; lastKnownFileType = sourcecode.c.objc; path = MoodleWebViewViewController.m; sourceTree = "<group>"; };
		45313FAD186233C5007EB2C9 /* UIImage+ImageWithUIView.h */ = {isa = PBXFileReference; fileEncoding = 4; lastKnownFileType = sourcecode.c.h; path = "UIImage+ImageWithUIView.h"; sourceTree = "<group>"; };
		45313FAE186233C5007EB2C9 /* UIImage+ImageWithUIView.m */ = {isa = PBXFileReference; fileEncoding = 4; lastKnownFileType = sourcecode.c.objc; path = "UIImage+ImageWithUIView.m"; sourceTree = "<group>"; };
		45313FAF186233C5007EB2C9 /* ViewController.h */ = {isa = PBXFileReference; fileEncoding = 4; lastKnownFileType = sourcecode.c.h; path = ViewController.h; sourceTree = "<group>"; };
		45313FB0186233C5007EB2C9 /* ViewController.m */ = {isa = PBXFileReference; fileEncoding = 4; lastKnownFileType = sourcecode.c.objc; path = ViewController.m; sourceTree = "<group>"; };
		45313FB1186233C5007EB2C9 /* VisorWeb.h */ = {isa = PBXFileReference; fileEncoding = 4; lastKnownFileType = sourcecode.c.h; path = VisorWeb.h; sourceTree = "<group>"; };
		45313FB2186233C5007EB2C9 /* VisorWeb.m */ = {isa = PBXFileReference; fileEncoding = 4; lastKnownFileType = sourcecode.c.objc; path = VisorWeb.m; sourceTree = "<group>"; };
		45313FC4186233E1007EB2C9 /* notasUPM-Info.plist */ = {isa = PBXFileReference; fileEncoding = 4; lastKnownFileType = text.plist.xml; path = "notasUPM-Info.plist"; sourceTree = "<group>"; };
		45313FC618623403007EB2C9 /* QuartzCore.framework */ = {isa = PBXFileReference; lastKnownFileType = wrapper.framework; name = QuartzCore.framework; path = System/Library/Frameworks/QuartzCore.framework; sourceTree = SDKROOT; };
		4533D3E4186EE97F003E56CC /* fondoAzul2.png */ = {isa = PBXFileReference; lastKnownFileType = image.png; path = fondoAzul2.png; sourceTree = "<group>"; };
		4533D3E6186EEC83003E56CC /* contacto.png */ = {isa = PBXFileReference; lastKnownFileType = image.png; path = contacto.png; sourceTree = "<group>"; };
		4533D3E7186EEC83003E56CC /* expediente.png */ = {isa = PBXFileReference; lastKnownFileType = image.png; path = expediente.png; sourceTree = "<group>"; };
		4533D3E8186EEC83003E56CC /* moodle.png */ = {isa = PBXFileReference; lastKnownFileType = image.png; path = moodle.png; sourceTree = "<group>"; };
		4533D3E9186EEC83003E56CC /* resumen.png */ = {isa = PBXFileReference; lastKnownFileType = image.png; path = resumen.png; sourceTree = "<group>"; };
/* End PBXFileReference section */

/* Begin PBXFrameworksBuildPhase section */
		45313F5C186232F9007EB2C9 /* Frameworks */ = {
			isa = PBXFrameworksBuildPhase;
			buildActionMask = 2147483647;
			files = (
				45313FC718623403007EB2C9 /* QuartzCore.framework in Frameworks */,
				45313F65186232F9007EB2C9 /* CoreGraphics.framework in Frameworks */,
				45313F67186232F9007EB2C9 /* UIKit.framework in Frameworks */,
				45313F63186232F9007EB2C9 /* Foundation.framework in Frameworks */,
			);
			runOnlyForDeploymentPostprocessing = 0;
		};
		45313F77186232F9007EB2C9 /* Frameworks */ = {
			isa = PBXFrameworksBuildPhase;
			buildActionMask = 2147483647;
			files = (
				45313F7C186232F9007EB2C9 /* XCTest.framework in Frameworks */,
				45313F7E186232F9007EB2C9 /* UIKit.framework in Frameworks */,
				45313F7D186232F9007EB2C9 /* Foundation.framework in Frameworks */,
			);
			runOnlyForDeploymentPostprocessing = 0;
		};
/* End PBXFrameworksBuildPhase section */

/* Begin PBXGroup section */
		413D80F3186CF71A00416913 /* Resources */ = {
			isa = PBXGroup;
			children = (
				413D80F4186CF71A00416913 /* adelante.png */,
				413D80F5186CF71A00416913 /* atras.png */,
				413D80F6186CF71A00416913 /* back.png */,
				413D80F7186CF71A00416913 /* backTop.png */,
				413D80F9186CF71A00416913 /* Default-568h@2x.png */,
				413D80FA186CF71A00416913 /* Default.png */,
				413D80FB186CF71A00416913 /* Default@2x.png */,
				413D80FC186CF71A00416913 /* descargar.png */,
				413D813C186CFAAC00416913 /* fondoAzul.png */,
				4533D3E4186EE97F003E56CC /* fondoAzul2.png */,
				413D80FF186CF71A00416913 /* icon.png */,
				413D8100186CF71A00416913 /* icon@2x.png */,
				413D8102186CF71A00416913 /* LaunchImage-2-568h@2x.png */,
				413D8103186CF71A00416913 /* LaunchImage-2-700-568h@2x.png */,
				413D8104186CF71A00416913 /* LaunchImage-2-700@2x.png */,
				413D8105186CF71A00416913 /* LaunchImage-2.png */,
				413D8106186CF71A00416913 /* LaunchImage-2@2x.png */,
				413D8107186CF71A00416913 /* LaunchImage-568h@2x.png */,
				413D8108186CF71A00416913 /* LaunchImage-700-568h@2x.png */,
				413D8109186CF71A00416913 /* loading2.png */,
				413D810A186CF71A00416913 /* loadingRed.png */,
				413D810B186CF71A00416913 /* loadingWV.png */,
				413D810C186CF71A00416913 /* loadingWVAnimated.png */,
				413D810D186CF71A00416913 /* login.png */,
				413D810E186CF71A00416913 /* menuButton@2x.png */,
				413D8110186CF71A00416913 /* navbar@2x.png */,
				413D8111186CF71A00416913 /* Quicksand_Bold.otf */,
				413D8112186CF71A00416913 /* Quicksand_Book.otf */,
				413D8113186CF71A00416913 /* Quicksand_Light.otf */,
				413D8116186CF71A00416913 /* saveFail.png */,
				413D8117186CF71A00416913 /* saveOk.png */,
				4533D3E6186EEC83003E56CC /* contacto.png */,
				4533D3E7186EEC83003E56CC /* expediente.png */,
				4533D3E8186EEC83003E56CC /* moodle.png */,
				4533D3E9186EEC83003E56CC /* resumen.png */,
			);
			path = Resources;
			sourceTree = "<group>";
		};
		45313F56186232F9007EB2C9 = {
			isa = PBXGroup;
			children = (
				45313F68186232F9007EB2C9 /* notasUPM */,
				45313F81186232F9007EB2C9 /* notasUPMTests */,
				45313F61186232F9007EB2C9 /* Frameworks */,
				45313F60186232F9007EB2C9 /* Products */,
			);
			sourceTree = "<group>";
		};
		45313F60186232F9007EB2C9 /* Products */ = {
			isa = PBXGroup;
			children = (
				45313F5F186232F9007EB2C9 /* notasUPM.app */,
				45313F7A186232F9007EB2C9 /* notasUPMTests.xctest */,
			);
			name = Products;
			sourceTree = "<group>";
		};
		45313F61186232F9007EB2C9 /* Frameworks */ = {
			isa = PBXGroup;
			children = (
				45313FC618623403007EB2C9 /* QuartzCore.framework */,
				45313F62186232F9007EB2C9 /* Foundation.framework */,
				45313F64186232F9007EB2C9 /* CoreGraphics.framework */,
				45313F66186232F9007EB2C9 /* UIKit.framework */,
				45313F7B186232F9007EB2C9 /* XCTest.framework */,
			);
			name = Frameworks;
			sourceTree = "<group>";
		};
		45313F68186232F9007EB2C9 /* notasUPM */ = {
			isa = PBXGroup;
			children = (
				45313F91186233C5007EB2C9 /* AlmacenamientoLocal.h */,
				45313F92186233C5007EB2C9 /* AlmacenamientoLocal.m */,
				45313F93186233C5007EB2C9 /* AppDelegate.h */,
				45313F94186233C5007EB2C9 /* AppDelegate.m */,
				45313F95186233C5007EB2C9 /* ContactoViewController.h */,
				45313F96186233C5007EB2C9 /* ContactoViewController.m */,
				45313F97186233C5007EB2C9 /* Descargador.h */,
				45313F98186233C5007EB2C9 /* Descargador.m */,
				45313F99186233C5007EB2C9 /* ECSlidingViewController.h */,
				45313F9A186233C5007EB2C9 /* ECSlidingViewController.m */,
				45313F9B186233C5007EB2C9 /* ExpedienteViewController.h */,
				45313F9C186233C5007EB2C9 /* ExpedienteViewController.m */,
				45313F9D186233C5007EB2C9 /* InitViewController.h */,
				45313F9E186233C5007EB2C9 /* InitViewController.m */,
				45313F9F186233C5007EB2C9 /* MenuViewController.h */,
				45313FA0186233C5007EB2C9 /* MenuViewController.m */,
				45313FA1186233C5007EB2C9 /* ModelUPM.h */,
				414792DB186CF0CF0096EA08 /* ModelUPM.m */,
				45313FA3186233C5007EB2C9 /* MoodleAsignaturaViewController.h */,
				45313FA4186233C5007EB2C9 /* MoodleAsignaturaViewController.m */,
				45313FA5186233C5007EB2C9 /* MoodleCalificacionesViewController.h */,
				45313FA6186233C5007EB2C9 /* MoodleCalificacionesViewController.m */,
				45313FA7186233C5007EB2C9 /* MoodleOtrasCalificacionesViewController.h */,
				45313FA8186233C5007EB2C9 /* MoodleOtrasCalificacionesViewController.m */,
				45313FA9186233C5007EB2C9 /* MoodleViewController.h */,
				45313FAA186233C5007EB2C9 /* MoodleViewController.m */,
				45313FAB186233C5007EB2C9 /* MoodleWebViewViewController.h */,
				45313FAC186233C5007EB2C9 /* MoodleWebViewViewController.m */,
				45313FAD186233C5007EB2C9 /* UIImage+ImageWithUIView.h */,
				45313FAE186233C5007EB2C9 /* UIImage+ImageWithUIView.m */,
				45313FAF186233C5007EB2C9 /* ViewController.h */,
				45313FB0186233C5007EB2C9 /* ViewController.m */,
				45313FB1186233C5007EB2C9 /* VisorWeb.h */,
				45313FB2186233C5007EB2C9 /* VisorWeb.m */,
				413D80F3186CF71A00416913 /* Resources */,
				45313F69186232F9007EB2C9 /* Supporting Files */,
			);
			path = notasUPM;
			sourceTree = "<group>";
		};
		45313F69186232F9007EB2C9 /* Supporting Files */ = {
			isa = PBXGroup;
			children = (
				45313FC4186233E1007EB2C9 /* notasUPM-Info.plist */,
				45313F6B186232F9007EB2C9 /* InfoPlist.strings */,
				45313F6E186232F9007EB2C9 /* main.m */,
				45313F70186232F9007EB2C9 /* notasUPM-Prefix.pch */,
			);
			name = "Supporting Files";
			sourceTree = "<group>";
		};
		45313F81186232F9007EB2C9 /* notasUPMTests */ = {
			isa = PBXGroup;
			children = (
				45313F87186232F9007EB2C9 /* notasUPMTests.m */,
				45313F82186232F9007EB2C9 /* Supporting Files */,
			);
			path = notasUPMTests;
			sourceTree = "<group>";
		};
		45313F82186232F9007EB2C9 /* Supporting Files */ = {
			isa = PBXGroup;
			children = (
				45313F83186232F9007EB2C9 /* notasUPMTests-Info.plist */,
				45313F84186232F9007EB2C9 /* InfoPlist.strings */,
			);
			name = "Supporting Files";
			sourceTree = "<group>";
		};
/* End PBXGroup section */

/* Begin PBXNativeTarget section */
		45313F5E186232F9007EB2C9 /* notasUPM */ = {
			isa = PBXNativeTarget;
			buildConfigurationList = 45313F8B186232F9007EB2C9 /* Build configuration list for PBXNativeTarget "notasUPM" */;
			buildPhases = (
				45313F5B186232F9007EB2C9 /* Sources */,
				45313F5C186232F9007EB2C9 /* Frameworks */,
				45313F5D186232F9007EB2C9 /* Resources */,
			);
			buildRules = (
			);
			dependencies = (
			);
			name = notasUPM;
			productName = notasUPM;
			productReference = 45313F5F186232F9007EB2C9 /* notasUPM.app */;
			productType = "com.apple.product-type.application";
		};
		45313F79186232F9007EB2C9 /* notasUPMTests */ = {
			isa = PBXNativeTarget;
			buildConfigurationList = 45313F8E186232F9007EB2C9 /* Build configuration list for PBXNativeTarget "notasUPMTests" */;
			buildPhases = (
				45313F76186232F9007EB2C9 /* Sources */,
				45313F77186232F9007EB2C9 /* Frameworks */,
				45313F78186232F9007EB2C9 /* Resources */,
			);
			buildRules = (
			);
			dependencies = (
				45313F80186232F9007EB2C9 /* PBXTargetDependency */,
			);
			name = notasUPMTests;
			productName = notasUPMTests;
			productReference = 45313F7A186232F9007EB2C9 /* notasUPMTests.xctest */;
			productType = "com.apple.product-type.bundle.unit-test";
		};
/* End PBXNativeTarget section */

/* Begin PBXProject section */
		45313F57186232F9007EB2C9 /* Project object */ = {
			isa = PBXProject;
			attributes = {
				LastUpgradeCheck = 0500;
				ORGANIZATIONNAME = "Alvaro Roman";
				TargetAttributes = {
					45313F79186232F9007EB2C9 = {
						TestTargetID = 45313F5E186232F9007EB2C9;
					};
				};
			};
			buildConfigurationList = 45313F5A186232F9007EB2C9 /* Build configuration list for PBXProject "notasUPM" */;
			compatibilityVersion = "Xcode 3.2";
			developmentRegion = English;
			hasScannedForEncodings = 0;
			knownRegions = (
				en,
			);
			mainGroup = 45313F56186232F9007EB2C9;
			productRefGroup = 45313F60186232F9007EB2C9 /* Products */;
			projectDirPath = "";
			projectRoot = "";
			targets = (
				45313F5E186232F9007EB2C9 /* notasUPM */,
				45313F79186232F9007EB2C9 /* notasUPMTests */,
			);
		};
/* End PBXProject section */

/* Begin PBXResourcesBuildPhase section */
		45313F5D186232F9007EB2C9 /* Resources */ = {
			isa = PBXResourcesBuildPhase;
			buildActionMask = 2147483647;
			files = (
				413D8123186CF71A00416913 /* icon.png in Resources */,
				4533D3ED186EEC83003E56CC /* resumen.png in Resources */,
				4533D3E5186EE97F003E56CC /* fondoAzul2.png in Resources */,
				4533D3EC186EEC83003E56CC /* moodle.png in Resources */,
				413D8120186CF71A00416913 /* descargar.png in Resources */,
				413D812E186CF71A00416913 /* loadingRed.png in Resources */,
				413D8132186CF71A00416913 /* menuButton@2x.png in Resources */,
				413D812C186CF71A00416913 /* LaunchImage-700-568h@2x.png in Resources */,
				413D812A186CF71A00416913 /* LaunchImage-2@2x.png in Resources */,
				413D8128186CF71A00416913 /* LaunchImage-2-700@2x.png in Resources */,
				413D8135186CF71A00416913 /* Quicksand_Bold.otf in Resources */,
				413D811A186CF71A00416913 /* back.png in Resources */,
				4533D3EB186EEC83003E56CC /* expediente.png in Resources */,
				413D8130186CF71A00416913 /* loadingWVAnimated.png in Resources */,
				45313F6D186232F9007EB2C9 /* InfoPlist.strings in Resources */,
				413D812D186CF71A00416913 /* loading2.png in Resources */,
				413D8137186CF71A00416913 /* Quicksand_Light.otf in Resources */,
				413D811F186CF71A00416913 /* Default@2x.png in Resources */,
				413D8134186CF71A00416913 /* navbar@2x.png in Resources */,
				413D8131186CF71A00416913 /* login.png in Resources */,
				413D812F186CF71A00416913 /* loadingWV.png in Resources */,
				4533D3EA186EEC83003E56CC /* contacto.png in Resources */,
				413D8124186CF71A00416913 /* icon@2x.png in Resources */,
				413D8129186CF71A00416913 /* LaunchImage-2.png in Resources */,
				413D813A186CF71A00416913 /* saveFail.png in Resources */,
				413D813D186CFAAC00416913 /* fondoAzul.png in Resources */,
				413D811E186CF71A00416913 /* Default.png in Resources */,
				413D8136186CF71A00416913 /* Quicksand_Book.otf in Resources */,
				413D811B186CF71A00416913 /* backTop.png in Resources */,
				413D8127186CF71A00416913 /* LaunchImage-2-700-568h@2x.png in Resources */,
				413D8126186CF71A00416913 /* LaunchImage-2-568h@2x.png in Resources */,
				413D813B186CF71A00416913 /* saveOk.png in Resources */,
				413D812B186CF71A00416913 /* LaunchImage-568h@2x.png in Resources */,
				413D8119186CF71A00416913 /* atras.png in Resources */,
				413D811D186CF71A00416913 /* Default-568h@2x.png in Resources */,
				413D8118186CF71A00416913 /* adelante.png in Resources */,
			);
			runOnlyForDeploymentPostprocessing = 0;
		};
		45313F78186232F9007EB2C9 /* Resources */ = {
			isa = PBXResourcesBuildPhase;
			buildActionMask = 2147483647;
			files = (
				45313F86186232F9007EB2C9 /* InfoPlist.strings in Resources */,
			);
			runOnlyForDeploymentPostprocessing = 0;
		};
/* End PBXResourcesBuildPhase section */

/* Begin PBXSourcesBuildPhase section */
		45313F5B186232F9007EB2C9 /* Sources */ = {
			isa = PBXSourcesBuildPhase;
			buildActionMask = 2147483647;
			files = (
				45313FC2186233C5007EB2C9 /* ViewController.m in Sources */,
				45313FBC186233C5007EB2C9 /* MoodleAsignaturaViewController.m in Sources */,
				45313F6F186232F9007EB2C9 /* main.m in Sources */,
				45313FBA186233C5007EB2C9 /* MenuViewController.m in Sources */,
				45313FC3186233C5007EB2C9 /* VisorWeb.m in Sources */,
				45313FB8186233C5007EB2C9 /* ExpedienteViewController.m in Sources */,
				45313FB9186233C5007EB2C9 /* InitViewController.m in Sources */,
				45313FB5186233C5007EB2C9 /* ContactoViewController.m in Sources */,
				45313FB3186233C5007EB2C9 /* AlmacenamientoLocal.m in Sources */,
				45313FBE186233C5007EB2C9 /* MoodleOtrasCalificacionesViewController.m in Sources */,
				45313FC1186233C5007EB2C9 /* UIImage+ImageWithUIView.m in Sources */,
				45313FBF186233C5007EB2C9 /* MoodleViewController.m in Sources */,
				45313FBD186233C5007EB2C9 /* MoodleCalificacionesViewController.m in Sources */,
				45313FB4186233C5007EB2C9 /* AppDelegate.m in Sources */,
				45313FC0186233C5007EB2C9 /* MoodleWebViewViewController.m in Sources */,
				45313FB6186233C5007EB2C9 /* Descargador.m in Sources */,
				414792DC186CF0CF0096EA08 /* ModelUPM.m in Sources */,
				45313FB7186233C5007EB2C9 /* ECSlidingViewController.m in Sources */,
			);
			runOnlyForDeploymentPostprocessing = 0;
		};
		45313F76186232F9007EB2C9 /* Sources */ = {
			isa = PBXSourcesBuildPhase;
			buildActionMask = 2147483647;
			files = (
				45313F88186232F9007EB2C9 /* notasUPMTests.m in Sources */,
			);
			runOnlyForDeploymentPostprocessing = 0;
		};
/* End PBXSourcesBuildPhase section */

/* Begin PBXTargetDependency section */
		45313F80186232F9007EB2C9 /* PBXTargetDependency */ = {
			isa = PBXTargetDependency;
			target = 45313F5E186232F9007EB2C9 /* notasUPM */;
			targetProxy = 45313F7F186232F9007EB2C9 /* PBXContainerItemProxy */;
		};
/* End PBXTargetDependency section */

/* Begin PBXVariantGroup section */
		45313F6B186232F9007EB2C9 /* InfoPlist.strings */ = {
			isa = PBXVariantGroup;
			children = (
				45313F6C186232F9007EB2C9 /* en */,
			);
			name = InfoPlist.strings;
			sourceTree = "<group>";
		};
		45313F84186232F9007EB2C9 /* InfoPlist.strings */ = {
			isa = PBXVariantGroup;
			children = (
				45313F85186232F9007EB2C9 /* en */,
			);
			name = InfoPlist.strings;
			sourceTree = "<group>";
		};
/* End PBXVariantGroup section */

/* Begin XCBuildConfiguration section */
		45313F89186232F9007EB2C9 /* Debug */ = {
			isa = XCBuildConfiguration;
			buildSettings = {
				ALWAYS_SEARCH_USER_PATHS = NO;
				ARCHS = "$(ARCHS_STANDARD_INCLUDING_64_BIT)";
				CLANG_CXX_LANGUAGE_STANDARD = "gnu++0x";
				CLANG_CXX_LIBRARY = "libc++";
				CLANG_ENABLE_MODULES = YES;
				CLANG_ENABLE_OBJC_ARC = YES;
				CLANG_WARN_BOOL_CONVERSION = YES;
				CLANG_WARN_CONSTANT_CONVERSION = YES;
				CLANG_WARN_DIRECT_OBJC_ISA_USAGE = YES_ERROR;
				CLANG_WARN_EMPTY_BODY = YES;
				CLANG_WARN_ENUM_CONVERSION = YES;
				CLANG_WARN_INT_CONVERSION = YES;
				CLANG_WARN_OBJC_ROOT_CLASS = YES_ERROR;
				CLANG_WARN__DUPLICATE_METHOD_MATCH = YES;
				"CODE_SIGN_IDENTITY[sdk=iphoneos*]" = "iPhone Developer";
				COPY_PHASE_STRIP = NO;
				GCC_C_LANGUAGE_STANDARD = gnu99;
				GCC_DYNAMIC_NO_PIC = NO;
				GCC_OPTIMIZATION_LEVEL = 0;
				GCC_PREPROCESSOR_DEFINITIONS = (
					"DEBUG=1",
					"$(inherited)",
				);
				GCC_SYMBOLS_PRIVATE_EXTERN = NO;
				GCC_WARN_64_TO_32_BIT_CONVERSION = YES;
				GCC_WARN_ABOUT_RETURN_TYPE = YES_ERROR;
				GCC_WARN_UNDECLARED_SELECTOR = YES;
				GCC_WARN_UNINITIALIZED_AUTOS = YES;
				GCC_WARN_UNUSED_FUNCTION = YES;
				GCC_WARN_UNUSED_VARIABLE = YES;
				IPHONEOS_DEPLOYMENT_TARGET = 7.0;
				ONLY_ACTIVE_ARCH = YES;
				SDKROOT = iphoneos;
			};
			name = Debug;
		};
		45313F8A186232F9007EB2C9 /* Release */ = {
			isa = XCBuildConfiguration;
			buildSettings = {
				ALWAYS_SEARCH_USER_PATHS = NO;
				ARCHS = "$(ARCHS_STANDARD_INCLUDING_64_BIT)";
				CLANG_CXX_LANGUAGE_STANDARD = "gnu++0x";
				CLANG_CXX_LIBRARY = "libc++";
				CLANG_ENABLE_MODULES = YES;
				CLANG_ENABLE_OBJC_ARC = YES;
				CLANG_WARN_BOOL_CONVERSION = YES;
				CLANG_WARN_CONSTANT_CONVERSION = YES;
				CLANG_WARN_DIRECT_OBJC_ISA_USAGE = YES_ERROR;
				CLANG_WARN_EMPTY_BODY = YES;
				CLANG_WARN_ENUM_CONVERSION = YES;
				CLANG_WARN_INT_CONVERSION = YES;
				CLANG_WARN_OBJC_ROOT_CLASS = YES_ERROR;
				CLANG_WARN__DUPLICATE_METHOD_MATCH = YES;
				"CODE_SIGN_IDENTITY[sdk=iphoneos*]" = "iPhone Developer";
				COPY_PHASE_STRIP = YES;
				ENABLE_NS_ASSERTIONS = NO;
				GCC_C_LANGUAGE_STANDARD = gnu99;
				GCC_WARN_64_TO_32_BIT_CONVERSION = YES;
				GCC_WARN_ABOUT_RETURN_TYPE = YES_ERROR;
				GCC_WARN_UNDECLARED_SELECTOR = YES;
				GCC_WARN_UNINITIALIZED_AUTOS = YES;
				GCC_WARN_UNUSED_FUNCTION = YES;
				GCC_WARN_UNUSED_VARIABLE = YES;
				IPHONEOS_DEPLOYMENT_TARGET = 7.0;
				SDKROOT = iphoneos;
				VALIDATE_PRODUCT = YES;
			};
			name = Release;
		};
		45313F8C186232F9007EB2C9 /* Debug */ = {
			isa = XCBuildConfiguration;
			buildSettings = {
				ASSETCATALOG_COMPILER_APPICON_NAME = AppIcon;
				ASSETCATALOG_COMPILER_LAUNCHIMAGE_NAME = LaunchImage;
				GCC_PRECOMPILE_PREFIX_HEADER = YES;
				GCC_PREFIX_HEADER = "notasUPM/notasUPM-Prefix.pch";
				INFOPLIST_FILE = "notasUPM/notasUPM-Info.plist";
				IPHONEOS_DEPLOYMENT_TARGET = 6.0;
				PRODUCT_NAME = "$(TARGET_NAME)";
				WRAPPER_EXTENSION = app;
			};
			name = Debug;
		};
		45313F8D186232F9007EB2C9 /* Release */ = {
			isa = XCBuildConfiguration;
			buildSettings = {
				ASSETCATALOG_COMPILER_APPICON_NAME = AppIcon;
				ASSETCATALOG_COMPILER_LAUNCHIMAGE_NAME = LaunchImage;
				GCC_PRECOMPILE_PREFIX_HEADER = YES;
				GCC_PREFIX_HEADER = "notasUPM/notasUPM-Prefix.pch";
				INFOPLIST_FILE = "notasUPM/notasUPM-Info.plist";
				IPHONEOS_DEPLOYMENT_TARGET = 6.0;
				PRODUCT_NAME = "$(TARGET_NAME)";
				WRAPPER_EXTENSION = app;
			};
			name = Release;
		};
		45313F8F186232F9007EB2C9 /* Debug */ = {
			isa = XCBuildConfiguration;
			buildSettings = {
				ARCHS = "$(ARCHS_STANDARD_INCLUDING_64_BIT)";
				BUNDLE_LOADER = "$(BUILT_PRODUCTS_DIR)/notasUPM.app/notasUPM";
				FRAMEWORK_SEARCH_PATHS = (
					"$(SDKROOT)/Developer/Library/Frameworks",
					"$(inherited)",
					"$(DEVELOPER_FRAMEWORKS_DIR)",
				);
				GCC_PRECOMPILE_PREFIX_HEADER = YES;
				GCC_PREFIX_HEADER = "notasUPM/notasUPM-Prefix.pch";
				GCC_PREPROCESSOR_DEFINITIONS = (
					"DEBUG=1",
					"$(inherited)",
				);
				INFOPLIST_FILE = "notasUPMTests/notasUPMTests-Info.plist";
				PRODUCT_NAME = "$(TARGET_NAME)";
				TEST_HOST = "$(BUNDLE_LOADER)";
				WRAPPER_EXTENSION = xctest;
			};
			name = Debug;
		};
		45313F90186232F9007EB2C9 /* Release */ = {
			isa = XCBuildConfiguration;
			buildSettings = {
				ARCHS = "$(ARCHS_STANDARD_INCLUDING_64_BIT)";
				BUNDLE_LOADER = "$(BUILT_PRODUCTS_DIR)/notasUPM.app/notasUPM";
				FRAMEWORK_SEARCH_PATHS = (
					"$(SDKROOT)/Developer/Library/Frameworks",
					"$(inherited)",
					"$(DEVELOPER_FRAMEWORKS_DIR)",
				);
				GCC_PRECOMPILE_PREFIX_HEADER = YES;
				GCC_PREFIX_HEADER = "notasUPM/notasUPM-Prefix.pch";
				INFOPLIST_FILE = "notasUPMTests/notasUPMTests-Info.plist";
				PRODUCT_NAME = "$(TARGET_NAME)";
				TEST_HOST = "$(BUNDLE_LOADER)";
				WRAPPER_EXTENSION = xctest;
			};
			name = Release;
		};
/* End XCBuildConfiguration section */

/* Begin XCConfigurationList section */
		45313F5A186232F9007EB2C9 /* Build configuration list for PBXProject "notasUPM" */ = {
			isa = XCConfigurationList;
			buildConfigurations = (
				45313F89186232F9007EB2C9 /* Debug */,
				45313F8A186232F9007EB2C9 /* Release */,
			);
			defaultConfigurationIsVisible = 0;
			defaultConfigurationName = Release;
		};
		45313F8B186232F9007EB2C9 /* Build configuration list for PBXNativeTarget "notasUPM" */ = {
			isa = XCConfigurationList;
			buildConfigurations = (
				45313F8C186232F9007EB2C9 /* Debug */,
				45313F8D186232F9007EB2C9 /* Release */,
			);
			defaultConfigurationIsVisible = 0;
			defaultConfigurationName = Release;
		};
		45313F8E186232F9007EB2C9 /* Build configuration list for PBXNativeTarget "notasUPMTests" */ = {
			isa = XCConfigurationList;
			buildConfigurations = (
				45313F8F186232F9007EB2C9 /* Debug */,
				45313F90186232F9007EB2C9 /* Release */,
			);
			defaultConfigurationIsVisible = 0;
			defaultConfigurationName = Release;
		};
/* End XCConfigurationList section */
	};
	rootObject = 45313F57186232F9007EB2C9 /* Project object */;
}
